{
  "lockfile_version": "1",
  "packages": {
    "ffmpeg_7@latest": {
      "last_modified": "2026-03-05T18:52:33Z",
      "resolved": "github:NixOS/nixpkgs/917fec990948658ef1ccd07cef2a1ef060786846#ffmpeg_7",
      "source": "devbox-search",
      "version": "7.1.3",
      "systems": {
        "aarch64-darwin": {
          "outputs": [
            {
              "name": "bin",
              "path": "/nix/store/f0j3w6wqw2fj1nibphk89qdv2qr5j8h6-ffmpeg-7.1.3-bin",
              "default": true
            },
            {
              "name": "man",
              "path": "/nix/store/55lkw0mx5vfzjci6b6vbl0f9g48hxq9p-ffmpeg-7.1.3-man",
              "default": true
            },
            {
              "name": "out",
              "path": "/nix/store/3kkas9kcikfy5gi49d9ip65fwafxf7cm-ffmpeg-7.1.3"
            },
            {
              "name": "data",
              "path": "/nix/store/bgvs719bgqw49rx7q2752la96hc2fi57-ffmpeg-7.1.3-data"
            },
            {
              "name": "dev",
              "path": "/nix/store/68ds3fshdv3h01vmi30qcm80w76rf5iw-ffmpeg-7.1.3-dev"
            },
            {
              "name": "doc",
              "path": "/nix/store/sm9vcgis1pkm31wzz9k7cnjzfkf3zsz6-ffmpeg-7.1.3-doc"
            },
            {
              "name": "lib",
              "path": "/nix/store/yrlwvy6jg9g9sgm8mw6ck0h6rkzbryqz-ffmpeg-7.1.3-lib"
            }
          ],
          "store_path": "/nix/store/f0j3w6wqw2fj1nibphk89qdv2qr5j8h6-ffmpeg-7.1.3-bin"
        },
        "aarch64-linux": {
          "outputs": [
            {
              "name": "bin",
              "path": "/nix/store/q8ks6asgdkvgil9hgxmff1s1i26zs8c1-ffmpeg-7.1.3-bin",
              "default": true
            },
            {
              "name": "man",
              "path": "/nix/store/n4lx34cw7kzmnmjg3waaikfp179z33v8-ffmpeg-7.1.3-man",
              "default": true
            },
            {
              "name": "data",
              "path": "/nix/store/gpx3z92p3mxh06xdmh66wmp60nzj91fq-ffmpeg-7.1.3-data"
            },
            {
              "name": "dev",
              "path": "/nix/store/l0abdn4657v3mwi64frk0bd7d08868gn-ffmpeg-7.1.3-dev"
            },
            {
              "name": "doc",
              "path": "/nix/store/9l4339mqgqkas5411i6n5nvjy76gy335-ffmpeg-7.1.3-doc"
            },
            {
              "name": "lib",
              "path": "/nix/store/28pz4jh9yp7sr4vx6iv01ipmmjj2b7kd-ffmpeg-7.1.3-lib"
            },
            {
              "name": "out",
              "path": "/nix/store/s8p1si7pk09c8qg2fky00famnsmk3yl0-ffmpeg-7.1.3"
            }
          ],
          "store_path": "/nix/store/q8ks6asgdkvgil9hgxmff1s1i26zs8c1-ffmpeg-7.1.3-bin"
        },
        "x86_64-darwin": {
          "outputs": [
            {
              "name": "bin",
              "path": "/nix/store/c3xi68bwwlzrji1fimwyk57b6gi6i7jj-ffmpeg-7.1.3-bin",
              "default": true
            },
            {
              "name": "man",
              "path": "/nix/store/pklmj6wilps1h434w1lqy52kbc95cd2c-ffmpeg-7.1.3-man",
              "default": true
            },
            {
              "name": "doc",
              "path": "/nix/store/9bzvdbphsnc59q3xi3sdck83559038wd-ffmpeg-7.1.3-doc"
            },
            {
              "name": "lib",
              "path": "/nix/store/jxjcrglq2j620p9sgp5hlhaqjk1n5mjy-ffmpeg-7.1.3-lib"
            },
            {
              "name": "out",
              "path": "/nix/store/n0as3gzdddns40n21awris3ih7c1i7c6-ffmpeg-7.1.3"
            },
            {
              "name": "data",
              "path": "/nix/store/a9afx7lx3rb48grmipss6r3ai78mmfv8-ffmpeg-7.1.3-data"
            },
            {
              "name": "dev",
              "path": "/nix/store/nc2xbg50k86phd8r8lcrgy6h91h0mqrh-ffmpeg-7.1.3-dev"
            }
          ],
          "store_path": "/nix/store/c3xi68bwwlzrji1fimwyk57b6gi6i7jj-ffmpeg-7.1.3-bin"
        },
        "x86_64-linux": {
          "outputs": [
            {
              "name": "bin",
              "path": "/nix/store/sn7vh3a5wmyv5k37gzn741mmjjqnnyj5-ffmpeg-7.1.3-bin",
              "default": true
            },
            {
              "name": "man",
              "path": "/nix/store/dsai7j8h37v5nqd7yr5prajbddqksxiz-ffmpeg-7.1.3-man",
              "default": true
            },
            {
              "name": "data",
              "path": "/nix/store/75nry2q78xgsc8mv9bgj7q15slk3ccw4-ffmpeg-7.1.3-data"
            },
            {
              "name": "dev",
              "path": "/nix/store/nd509ln3a2ry4j44ksg038hkqfpgh5x3-ffmpeg-7.1.3-dev"
            },
            {
              "name": "doc",
              "path": "/nix/store/jrvcy70jhciizv3035pyf0z7f945li21-ffmpeg-7.1.3-doc"
            },
            {
              "name": "lib",
              "path": "/nix/store/2pjf4aa9jlkzjicwpwn33l47rp1xxq8y-ffmpeg-7.1.3-lib"
            },
            {
              "name": "out",
              "path": "/nix/store/cz25m6a2s73syry3gphh7dfisnhcbayf-ffmpeg-7.1.3"
            }
          ],
          "store_path": "/nix/store/sn7vh3a5wmyv5k37gzn741mmjjqnnyj5-ffmpeg-7.1.3-bin"
        }
      }
    },
    "github:NixOS/nixpkgs/nixpkgs-unstable": {
      "last_modified": "2026-03-08T08:02:12Z",
      "resolved": "github:NixOS/nixpkgs/608d0cadfed240589a7eea422407a547ad626a14?lastModified=1772956932&narHash=sha256-M0yS4AafhKxPPmOHGqIV0iKxgNO8bHDWdl1kOwGBwRY%3D"
    },
    "nodejs_22@latest": {
      "last_modified": "2026-02-23T15:40:43Z",
      "plugin_version": "0.0.2",
      "resolved": "github:NixOS/nixpkgs/80d901ec0377e19ac3f7bb8c035201e2e098cc97#nodejs_22",
      "source": "devbox-search",
      "version": "22.22.0",
      "systems": {
        "aarch64-darwin": {
          "outputs": [
            {
              "name": "out",
              "path": "/nix/store/3kkw1cwcwl0vvn4y2jkpfr3iarxaq284-nodejs-22.22.0",
              "default": true
            }
          ],
          "store_path": "/nix/store/3kkw1cwcwl0vvn4y2jkpfr3iarxaq284-nodejs-22.22.0"
        },
        "aarch64-linux": {
          "outputs": [
            {
              "name": "out",
              "path": "/nix/store/7996sfm56iryn7p639frvhajrbrb4ych-nodejs-22.22.0",
              "default": true
            }
          ],
          "store_path": "/nix/store/7996sfm56iryn7p639frvhajrbrb4ych-nodejs-22.22.0"
        },
        "x86_64-darwin": {
          "outputs": [
            {
              "name": "out",
              "path": "/nix/store/ixd7h25iyw6wc4hz37bqfg19782bm7z2-nodejs-22.22.0",
              "default": true
            }
          ],
          "store_path": "/nix/store/ixd7h25iyw6wc4hz37bqfg19782bm7z2-nodejs-22.22.0"
        },
        "x86_64-linux": {
          "outputs": [
            {
              "name": "out",
              "path": "/nix/store/b87dfjnjvg932xsw4mszjg4qmvrqzlqk-nodejs-22.22.0",
              "default": true
            }
          ],
          "store_path": "/nix/store/b87dfjnjvg932xsw4mszjg4qmvrqzlqk-nodejs-22.22.0"
        }
      }
    },
    "yt-dlp@latest": {
      "last_modified": "2026-03-05T01:30:23Z",
      "resolved": "github:NixOS/nixpkgs/66d9241e3dc2296726dc522e62dbfe89c7b449f3#yt-dlp",
      "source": "devbox-search",
      "version": "2026.03.03",
      "systems": {
        "aarch64-darwin": {
          "outputs": [
            {
              "name": "out",
              "path": "/nix/store/zn75j4nxp1ly3n9rwpw83g2pr5sl0v8b-yt-dlp-2026.03.03",
              "default": true
            },
            {
              "name": "dist",
              "path": "/nix/store/9mqg66n3khnx25xbvyh8x54hzya239xy-yt-dlp-2026.03.03-dist"
            }
          ],
          "store_path": "/nix/store/zn75j4nxp1ly3n9rwpw83g2pr5sl0v8b-yt-dlp-2026.03.03"
        },
        "aarch64-linux": {
          "outputs": [
            {
              "name": "out",
              "path": "/nix/store/ldqzs3n770s5jzd11rjnlj3xi5mnhxw5-yt-dlp-2026.03.03",
              "default": true
            },
            {
              "name": "dist",
              "path": "/nix/store/6p4xwbfpk60g5igmjfzlr8h2zs0ihlsb-yt-dlp-2026.03.03-dist"
            }
          ],
          "store_path": "/nix/store/ldqzs3n770s5jzd11rjnlj3xi5mnhxw5-yt-dlp-2026.03.03"
        },
        "x86_64-darwin": {
          "outputs": [
            {
              "name": "out",
              "path": "/nix/store/2y14261v8kn9zkbkqwp4md1sy4a8rhc7-yt-dlp-2026.03.03",
              "default": true
            },
            {
              "name": "dist",
              "path": "/nix/store/idhf2jzig5m55zri03mm27p0p2xj1q32-yt-dlp-2026.03.03-dist"
            }
          ],
          "store_path": "/nix/store/2y14261v8kn9zkbkqwp4md1sy4a8rhc7-yt-dlp-2026.03.03"
        },
        "x86_64-linux": {
          "outputs": [
            {
              "name": "out",
              "path": "/nix/store/kdxdxh1393cq2w9mf52a6v4qr3zqfwlp-yt-dlp-2026.03.03",
              "default": true
            },
            {
              "name": "dist",
              "path": "/nix/store/jg59qgf4lc7lyxispi4l9l51bf8nirs8-yt-dlp-2026.03.03-dist"
            }
          ],
          "store_path": "/nix/store/kdxdxh1393cq2w9mf52a6v4qr3zqfwlp-yt-dlp-2026.03.03"
        }
      }
    }
  }
}
